
Microsoft Visual Studio Solution File, Format Version 12.00
# Visual Studio Version 17
VisualStudioVersion = 17.13.35806.99 d17.13
MinimumVisualStudioVersion = 10.0.40219.1
Project("{FAE04EC0-301F-11D3-BF4B-00C04F79EFBC}") = "BookStoreMvc", "BookStoreMvc\BookStoreMvc.csproj", "{58AE88D3-B99B-4349-B744-B3B70A01C393}"
EndProject
Global
	GlobalSection(SolutionConfigurationPlatforms) = preSolution
		Debug|Any CPU = Debug|Any CPU
		Release|Any CPU = Release|Any CPU
	EndGlobalSection
	GlobalSection(ProjectConfigurationPlatforms) = postSolution
		{58AE88D3-B99B-4349-B744-B3B70A01C393}.Debug|Any CPU.ActiveCfg = Debug|Any CPU
		{58AE88D3-B99B-4349-B744-B3B70A01C393}.Debug|Any CPU.Build.0 = Debug|Any CPU
		{58AE88D3-B99B-4349-B744-B3B70A01C393}.Release|Any CPU.ActiveCfg = Release|Any CPU
		{58AE88D3-B99B-4349-B744-B3B70A01C393}.Release|Any CPU.Build.0 = Release|Any CPU
	EndGlobalSection
	GlobalSection(SolutionProperties) = preSolution
		HideSolutionNode = FALSE
	EndGlobalSection
	GlobalSection(ExtensibilityGlobals) = postSolution
		SolutionGuid = {E70C2A28-BA51-4BFE-9E35-7465F35CA072}
	EndGlobalSection
EndGlobal
